
Microsoft Visual Studio Solution File, Format Version 12.00
# Visual Studio Version 16
VisualStudioVersion = 16.0.30128.74
MinimumVisualStudioVersion = 10.0.40219.1
Project("{FAE04EC0-301F-11D3-BF4B-00C04F79EFBC}") = "Lab1", "Lab1.csproj", "{86F15151-4B84-46C2-B5FC-FEC76C65DBE1}"
EndProject
Global
	GlobalSection(SolutionConfigurationPlatforms) = preSolution
		Debug|Any CPU = Debug|Any CPU
		Release|Any CPU = Release|Any CPU
	EndGlobalSection
	GlobalSection(ProjectConfigurationPlatforms) = postSolution
		{86F15151-4B84-46C2-B5FC-FEC76C65DBE1}.Debug|Any CPU.ActiveCfg = Debug|Any CPU
		{86F15151-4B84-46C2-B5FC-FEC76C65DBE1}.Debug|Any CPU.Build.0 = Debug|Any CPU
		{86F15151-4B84-46C2-B5FC-FEC76C65DBE1}.Release|Any CPU.ActiveCfg = Release|Any CPU
		{86F15151-4B84-46C2-B5FC-FEC76C65DBE1}.Release|Any CPU.Build.0 = Release|Any CPU
	EndGlobalSection
	GlobalSection(SolutionProperties) = preSolution
		HideSolutionNode = FALSE
	EndGlobalSection
	GlobalSection(ExtensibilityGlobals) = postSolution
		SolutionGuid = {474E3B10-87F5-4749-8BC1-B3D5274B2C3D}
	EndGlobalSection
EndGlobal
